// !$*UTF8*$!
{
	archiveVersion = 1;
	classes = {
	};
	objectVersion = 46;
	objects = {

/* Begin PBXBuildFile section */
		A6F5A4C51A3ED33F00F1DBE4 /* main.m in Sources */ = {isa = PBXBuildFile; fileRef = A6F5A4C41A3ED33F00F1DBE4 /* main.m */; };
		A6F5A4C81A3ED33F00F1DBE4 /* AppDelegate.m in Sources */ = {isa = PBXBuildFile; fileRef = A6F5A4C71A3ED33F00F1DBE4 /* AppDelegate.m */; };
		A6F5A4CB1A3ED33F00F1DBE4 /* ViewController.m in Sources */ = {isa = PBXBuildFile; fileRef = A6F5A4CA1A3ED33F00F1DBE4 /* ViewController.m */; };
		A6F5A4CE1A3ED33F00F1DBE4 /* Main.storyboard in Resources */ = {isa = PBXBuildFile; fileRef = A6F5A4CC1A3ED33F00F1DBE4 /* Main.storyboard */; };
		A6F5A4D01A3ED33F00F1DBE4 /* Images.xcassets in Resources */ = {isa = PBXBuildFile; fileRef = A6F5A4CF1A3ED33F00F1DBE4 /* Images.xcassets */; };
		A6F5A4D31A3ED33F00F1DBE4 /* LaunchScreen.xib in Resources */ = {isa = PBXBuildFile; fileRef = A6F5A4D11A3ED33F00F1DBE4 /* LaunchScreen.xib */; };
		A6F5A4DF1A3ED33F00F1DBE4 /* GitHubTestProjectTests.m in Sources */ = {isa = PBXBuildFile; fileRef = A6F5A4DE1A3ED33F00F1DBE4 /* GitHubTestProjectTests.m */; };
/* End PBXBuildFile section */

/* Begin PBXContainerItemProxy section */
		A6F5A4D91A3ED33F00F1DBE4 /* PBXContainerItemProxy */ = {
			isa = PBXContainerItemProxy;
			containerPortal = A6F5A4B71A3ED33F00F1DBE4 /* Project object */;
			proxyType = 1;
			remoteGlobalIDString = A6F5A4BE1A3ED33F00F1DBE4;
			remoteInfo = GitHubTestProject;
		};
/* End PBXContainerItemProxy section */

/* Begin PBXFileReference section */
		A6F5A4BF1A3ED33F00F1DBE4 /* GitHubTestProject.app */ = {isa = PBXFileReference; explicitFileType = wrapper.application; includeInIndex = 0; path = GitHubTestProject.app; sourceTree = BUILT_PRODUCTS_DIR; };
		A6F5A4C31A3ED33F00F1DBE4 /* Info.plist */ = {isa = PBXFileReference; lastKnownFileType = text.plist.xml; path = Info.plist; sourceTree = "<group>"; };
		A6F5A4C41A3ED33F00F1DBE4 /* main.m */ = {isa = PBXFileReference; lastKnownFileType = sourcecode.c.objc; path = main.m; sourceTree = "<group>"; };
		A6F5A4C61A3ED33F00F1DBE4 /* AppDelegate.h */ = {isa = PBXFileReference; lastKnownFileType = sourcecode.c.h; path = AppDelegate.h; sourceTree = "<group>"; };
		A6F5A4C71A3ED33F00F1DBE4 /* AppDelegate.m */ = {isa = PBXFileReference; lastKnownFileType = sourcecode.c.objc; path = AppDelegate.m; sourceTree = "<group>"; };
		A6F5A4C91A3ED33F00F1DBE4 /* ViewController.h */ = {isa = PBXFileReference; lastKnownFileType = sourcecode.c.h; path = ViewController.h; sourceTree = "<group>"; };
		A6F5A4CA1A3ED33F00F1DBE4 /* ViewController.m */ = {isa = PBXFileReference; lastKnownFileType = sourcecode.c.objc; path = ViewController.m; sourceTree = "<group>"; };
		A6F5A4CD1A3ED33F00F1DBE4 /* Base */ = {isa = PBXFileReference; lastKnownFileType = file.storyboard; name = Base; path = Base.lproj/Main.storyboard; sourceTree = "<group>"; };
		A6F5A4CF1A3ED33F00F1DBE4 /* Images.xcassets */ = {isa = PBXFileReference; lastKnownFileType = folder.assetcatalog; path = Images.xcassets; sourceTree = "<group>"; };
		A6F5A4D21A3ED33F00F1DBE4 /* Base */ = {isa = PBXFileReference; lastKnownFileType = file.xib; name = Base; path = Base.lproj/LaunchScreen.xib; sourceTree = "<group>"; };
		A6F5A4D81A3ED33F00F1DBE4 /* GitHubTestProjectTests.xctest */ = {isa = PBXFileReference; explicitFileType = wrapper.cfbundle; includeInIndex = 0; path = GitHubTestProjectTests.xctest; sourceTree = BUILT_PRODUCTS_DIR; };
		A6F5A4DD1A3ED33F00F1DBE4 /* Info.plist */ = {isa = PBXFileReference; lastKnownFileType = text.plist.xml; path = Info.plist; sourceTree = "<group>"; };
		A6F5A4DE1A3ED33F00F1DBE4 /* GitHubTestProjectTests.m */ = {isa = PBXFileReference; lastKnownFileType = sourcecode.c.objc; path = GitHubTestProjectTests.m; sourceTree = "<group>"; };
/* End PBXFileReference section */

/* Begin PBXFrameworksBuildPhase section */
		A6F5A4BC1A3ED33F00F1DBE4 /* Frameworks */ = {
			isa = PBXFrameworksBuildPhase;
			buildActionMask = 2147483647;
			files = (
			);
			runOnlyForDeploymentPostprocessing = 0;
		};
		A6F5A4D51A3ED33F00F1DBE4 /* Frameworks */ = {
			isa = PBXFrameworksBuildPhase;
			buildActionMask = 2147483647;
			files = (
			);
			runOnlyForDeploymentPostprocessing = 0;
		};
/* End PBXFrameworksBuildPhase section */

/* Begin PBXGroup section */
		A6F5A4B61A3ED33F00F1DBE4 = {
			isa = PBXGroup;
			children = (
				A6F5A4C11A3ED33F00F1DBE4 /* GitHubTestProject */,
				A6F5A4DB1A3ED33F00F1DBE4 /* GitHubTestProjectTests */,
				A6F5A4C01A3ED33F00F1DBE4 /* Products */,
			);
			sourceTree = "<group>";
		};
		A6F5A4C01A3ED33F00F1DBE4 /* Products */ = {
			isa = PBXGroup;
			children = (
				A6F5A4BF1A3ED33F00F1DBE4 /* GitHubTestProject.app */,
				A6F5A4D81A3ED33F00F1DBE4 /* GitHubTestProjectTests.xctest */,
			);
			name = Products;
			sourceTree = "<group>";
		};
		A6F5A4C11A3ED33F00F1DBE4 /* GitHubTestProject */ = {
			isa = PBXGroup;
			children = (
				A6F5A4C61A3ED33F00F1DBE4 /* AppDelegate.h */,
				A6F5A4C71A3ED33F00F1DBE4 /* AppDelegate.m */,
				A6F5A4C91A3ED33F00F1DBE4 /* ViewController.h */,
				A6F5A4CA1A3ED33F00F1DBE4 /* ViewController.m */,
				A6F5A4CC1A3ED33F00F1DBE4 /* Main.storyboard */,
				A6F5A4CF1A3ED33F00F1DBE4 /* Images.xcassets */,
				A6F5A4D11A3ED33F00F1DBE4 /* LaunchScreen.xib */,
				A6F5A4C21A3ED33F00F1DBE4 /* Supporting Files */,
			);
			path = GitHubTestProject;
			sourceTree = "<group>";
		};
		A6F5A4C21A3ED33F00F1DBE4 /* Supporting Files */ = {
			isa = PBXGroup;
			children = (
				A6F5A4C31A3ED33F00F1DBE4 /* Info.plist */,
				A6F5A4C41A3ED33F00F1DBE4 /* main.m */,
			);
			name = "Supporting Files";
			sourceTree = "<group>";
		};
		A6F5A4DB1A3ED33F00F1DBE4 /* GitHubTestProjectTests */ = {
			isa = PBXGroup;
			children = (
				A6F5A4DE1A3ED33F00F1DBE4 /* GitHubTestProjectTests.m */,
				A6F5A4DC1A3ED33F00F1DBE4 /* Supporting Files */,
			);
			path = GitHubTestProjectTests;
			sourceTree = "<group>";
		};
		A6F5A4DC1A3ED33F00F1DBE4 /* Supporting Files */ = {
			isa = PBXGroup;
			children = (
				A6F5A4DD1A3ED33F00F1DBE4 /* Info.plist */,
			);
			name = "Supporting Files";
			sourceTree = "<group>";
		};
/* End PBXGroup section */

/* Begin PBXNativeTarget section */
		A6F5A4BE1A3ED33F00F1DBE4 /* GitHubTestProject */ = {
			isa = PBXNativeTarget;
			buildConfigurationList = A6F5A4E21A3ED33F00F1DBE4 /* Build configuration list for PBXNativeTarget "GitHubTestProject" */;
			buildPhases = (
				A6F5A4BB1A3ED33F00F1DBE4 /* Sources */,
				A6F5A4BC1A3ED33F00F1DBE4 /* Frameworks */,
				A6F5A4BD1A3ED33F00F1DBE4 /* Resources */,
			);
			buildRules = (
			);
			dependencies = (
			);
			name = GitHubTestProject;
			productName = GitHubTestProject;
			productReference = A6F5A4BF1A3ED33F00F1DBE4 /* GitHubTestProject.app */;
			productType = "com.apple.product-type.application";
		};
		A6F5A4D71A3ED33F00F1DBE4 /* GitHubTestProjectTests */ = {
			isa = PBXNativeTarget;
			buildConfigurationList = A6F5A4E51A3ED33F00F1DBE4 /* Build configuration list for PBXNativeTarget "GitHubTestProjectTests" */;
			buildPhases = (
				A6F5A4D41A3ED33F00F1DBE4 /* Sources */,
				A6F5A4D51A3ED33F00F1DBE4 /* Frameworks */,
				A6F5A4D61A3ED33F00F1DBE4 /* Resources */,
			);
			buildRules = (
			);
			dependencies = (
				A6F5A4DA1A3ED33F00F1DBE4 /* PBXTargetDependency */,
			);
			name = GitHubTestProjectTests;
			productName = GitHubTestProjectTests;
			productReference = A6F5A4D81A3ED33F00F1DBE4 /* GitHubTestProjectTests.xctest */;
			productType = "com.apple.product-type.bundle.unit-test";
		};
/* End PBXNativeTarget section */

/* Begin PBXProject section */
		A6F5A4B71A3ED33F00F1DBE4 /* Project object */ = {
			isa = PBXProject;
			attributes = {
				LastUpgradeCheck = 0610;
				ORGANIZATIONNAME = apple;
				TargetAttributes = {
					A6F5A4BE1A3ED33F00F1DBE4 = {
						CreatedOnToolsVersion = 6.1.1;
					};
					A6F5A4D71A3ED33F00F1DBE4 = {
						CreatedOnToolsVersion = 6.1.1;
						TestTargetID = A6F5A4BE1A3ED33F00F1DBE4;
					};
				};
			};
			buildConfigurationList = A6F5A4BA1A3ED33F00F1DBE4 /* Build configuration list for PBXProject "GitHubTestProject" */;
			compatibilityVersion = "Xcode 3.2";
			developmentRegion = English;
			hasScannedForEncodings = 0;
			knownRegions = (
				en,
				Base,
			);
			mainGroup = A6F5A4B61A3ED33F00F1DBE4;
			productRefGroup = A6F5A4C01A3ED33F00F1DBE4 /* Products */;
			projectDirPath = "";
			projectRoot = "";
			targets = (
				A6F5A4BE1A3ED33F00F1DBE4 /* GitHubTestProject */,
				A6F5A4D71A3ED33F00F1DBE4 /* GitHubTestProjectTests */,
			);
		};
/* End PBXProject section */

/* Begin PBXResourcesBuildPhase section */
		A6F5A4BD1A3ED33F00F1DBE4 /* Resources */ = {
			isa = PBXResourcesBuildPhase;
			buildActionMask = 2147483647;
			files = (
				A6F5A4CE1A3ED33F00F1DBE4 /* Main.storyboard in Resources */,
				A6F5A4D31A3ED33F00F1DBE4 /* LaunchScreen.xib in Resources */,
				A6F5A4D01A3ED33F00F1DBE4 /* Images.xcassets in Resources */,
			);
			runOnlyForDeploymentPostprocessing = 0;
		};
		A6F5A4D61A3ED33F00F1DBE4 /* Resources */ = {
			isa = PBXResourcesBuildPhase;
			buildActionMask = 2147483647;
			files = (
			);
			runOnlyForDeploymentPostprocessing = 0;
		};
/* End PBXResourcesBuildPhase section */

/* Begin PBXSourcesBuildPhase section */
		A6F5A4BB1A3ED33F00F1DBE4 /* Sources */ = {
			isa = PBXSourcesBuildPhase;
			buildActionMask = 2147483647;
			files = (
				A6F5A4CB1A3ED33F00F1DBE4 /* ViewController.m in Sources */,
				A6F5A4C81A3ED33F00F1DBE4 /* AppDelegate.m in Sources */,
				A6F5A4C51A3ED33F00F1DBE4 /* main.m in Sources */,
			);
			runOnlyForDeploymentPostprocessing = 0;
		};
		A6F5A4D41A3ED33F00F1DBE4 /* Sources */ = {
			isa = PBXSourcesBuildPhase;
			buildActionMask = 2147483647;
			files = (
				A6F5A4DF1A3ED33F00F1DBE4 /* GitHubTestProjectTests.m in Sources */,
			);
			runOnlyForDeploymentPostprocessing = 0;
		};
/* End PBXSourcesBuildPhase section */

/* Begin PBXTargetDependency section */
		A6F5A4DA1A3ED33F00F1DBE4 /* PBXTargetDependency */ = {
			isa = PBXTargetDependency;
			target = A6F5A4BE1A3ED33F00F1DBE4 /* GitHubTestProject */;
			targetProxy = A6F5A4D91A3ED33F00F1DBE4 /* PBXContainerItemProxy */;
		};
/* End PBXTargetDependency section */

/* Begin PBXVariantGroup section */
		A6F5A4CC1A3ED33F00F1DBE4 /* Main.storyboard */ = {
			isa = PBXVariantGroup;
			children = (
				A6F5A4CD1A3ED33F00F1DBE4 /* Base */,
			);
			name = Main.storyboard;
			sourceTree = "<group>";
		};
		A6F5A4D11A3ED33F00F1DBE4 /* LaunchScreen.xib */ = {
			isa = PBXVariantGroup;
			children = (
				A6F5A4D21A3ED33F00F1DBE4 /* Base */,
			);
			name = LaunchScreen.xib;
			sourceTree = "<group>";
		};
/* End PBXVariantGroup section */

/* Begin XCBuildConfiguration section */
		A6F5A4E01A3ED33F00F1DBE4 /* Debug */ = {
			isa = XCBuildConfiguration;
			buildSettings = {
				ALWAYS_SEARCH_USER_PATHS = NO;
				CLANG_CXX_LANGUAGE_STANDARD = "gnu++0x";
				CLANG_CXX_LIBRARY = "libc++";
				CLANG_ENABLE_MODULES = YES;
				CLANG_ENABLE_OBJC_ARC = YES;
				CLANG_WARN_BOOL_CONVERSION = YES;
				CLANG_WARN_CONSTANT_CONVERSION = YES;
				CLANG_WARN_DIRECT_OBJC_ISA_USAGE = YES_ERROR;
				CLANG_WARN_EMPTY_BODY = YES;
				CLANG_WARN_ENUM_CONVERSION = YES;
				CLANG_WARN_INT_CONVERSION = YES;
				CLANG_WARN_OBJC_ROOT_CLASS = YES_ERROR;
				CLANG_WARN_UNREACHABLE_CODE = YES;
				CLANG_WARN__DUPLICATE_METHOD_MATCH = YES;
				"CODE_SIGN_IDENTITY[sdk=iphoneos*]" = "iPhone Developer";
				COPY_PHASE_STRIP = NO;
				ENABLE_STRICT_OBJC_MSGSEND = YES;
				GCC_C_LANGUAGE_STANDARD = gnu99;
				GCC_DYNAMIC_NO_PIC = NO;
				GCC_OPTIMIZATION_LEVEL = 0;
				GCC_PREPROCESSOR_DEFINITIONS = (
					"DEBUG=1",
					"$(inherited)",
				);
				GCC_SYMBOLS_PRIVATE_EXTERN = NO;
				GCC_WARN_64_TO_32_BIT_CONVERSION = YES;
				GCC_WARN_ABOUT_RETURN_TYPE = YES_ERROR;
				GCC_WARN_UNDECLARED_SELECTOR = YES;
				GCC_WARN_UNINITIALIZED_AUTOS = YES_AGGRESSIVE;
				GCC_WARN_UNUSED_FUNCTION = YES;
				GCC_WARN_UNUSED_VARIABLE = YES;
				IPHONEOS_DEPLOYMENT_TARGET = 8.1;
				MTL_ENABLE_DEBUG_INFO = YES;
				ONLY_ACTIVE_ARCH = YES;
				SDKROOT = iphoneos;
				TARGETED_DEVICE_FAMILY = "1,2";
			};
			name = Debug;
		};
		A6F5A4E11A3ED33F00F1DBE4 /* Release */ = {
			isa = XCBuildConfiguration;
			buildSettings = {
				ALWAYS_SEARCH_USER_PATHS = NO;
				CLANG_CXX_LANGUAGE_STANDARD = "gnu++0x";
				CLANG_CXX_LIBRARY = "libc++";
				CLANG_ENABLE_MODULES = YES;
				CLANG_ENABLE_OBJC_ARC = YES;
				CLANG_WARN_BOOL_CONVERSION = YES;
				CLANG_WARN_CONSTANT_CONVERSION = YES;
				CLANG_WARN_DIRECT_OBJC_ISA_USAGE = YES_ERROR;
				CLANG_WARN_EMPTY_BODY = YES;
				CLANG_WARN_ENUM_CONVERSION = YES;
				CLANG_WARN_INT_CONVERSION = YES;
				CLANG_WARN_OBJC_ROOT_CLASS = YES_ERROR;
				CLANG_WARN_UNREACHABLE_CODE = YES;
				CLANG_WARN__DUPLICATE_METHOD_MATCH = YES;
				"CODE_SIGN_IDENTITY[sdk=iphoneos*]" = "iPhone Developer";
				COPY_PHASE_STRIP = YES;
				ENABLE_NS_ASSERTIONS = NO;
				ENABLE_STRICT_OBJC_MSGSEND = YES;
				GCC_C_LANGUAGE_STANDARD = gnu99;
				GCC_WARN_64_TO_32_BIT_CONVERSION = YES;
				GCC_WARN_ABOUT_RETURN_TYPE = YES_ERROR;
				GCC_WARN_UNDECLARED_SELECTOR = YES;
				GCC_WARN_UNINITIALIZED_AUTOS = YES_AGGRESSIVE;
				GCC_WARN_UNUSED_FUNCTION = YES;
				GCC_WARN_UNUSED_VARIABLE = YES;
				IPHONEOS_DEPLOYMENT_TARGET = 8.1;
				MTL_ENABLE_DEBUG_INFO = NO;
				SDKROOT = iphoneos;
				TARGETED_DEVICE_FAMILY = "1,2";
				VALIDATE_PRODUCT = YES;
			};
			name = Release;
		};
		A6F5A4E31A3ED33F00F1DBE4 /* Debug */ = {
			isa = XCBuildConfiguration;
			buildSettings = {
				ASSETCATALOG_COMPILER_APPICON_NAME = AppIcon;
				INFOPLIST_FILE = GitHubTestProject/Info.plist;
				LD_RUNPATH_SEARCH_PATHS = "$(inherited) @executable_path/Frameworks";
				PRODUCT_NAME = "$(TARGET_NAME)";
			};
			name = Debug;
		};
		A6F5A4E41A3ED33F00F1DBE4 /* Release */ = {
			isa = XCBuildConfiguration;
			buildSettings = {
				ASSETCATALOG_COMPILER_APPICON_NAME = AppIcon;
				INFOPLIST_FILE = GitHubTestProject/Info.plist;
				LD_RUNPATH_SEARCH_PATHS = "$(inherited) @executable_path/Frameworks";
				PRODUCT_NAME = "$(TARGET_NAME)";
			};
			name = Release;
		};
		A6F5A4E61A3ED33F00F1DBE4 /* Debug */ = {
			isa = XCBuildConfiguration;
			buildSettings = {
				BUNDLE_LOADER = "$(TEST_HOST)";
				FRAMEWORK_SEARCH_PATHS = (
					"$(SDKROOT)/Developer/Library/Frameworks",
					"$(inherited)",
				);
				GCC_PREPROCESSOR_DEFINITIONS = (
					"DEBUG=1",
					"$(inherited)",
				);
				INFOPLIST_FILE = GitHubTestProjectTests/Info.plist;
				LD_RUNPATH_SEARCH_PATHS = "$(inherited) @executable_path/Frameworks @loader_path/Frameworks";
				PRODUCT_NAME = "$(TARGET_NAME)";
				TEST_HOST = "$(BUILT_PRODUCTS_DIR)/GitHubTestProject.app/GitHubTestProject";
			};
			name = Debug;
		};
		A6F5A4E71A3ED33F00F1DBE4 /* Release */ = {
			isa = XCBuildConfiguration;
			buildSettings = {
				BUNDLE_LOADER = "$(TEST_HOST)";
				FRAMEWORK_SEARCH_PATHS = (
					"$(SDKROOT)/Developer/Library/Frameworks",
					"$(inherited)",
				);
				INFOPLIST_FILE = GitHubTestProjectTests/Info.plist;
				LD_RUNPATH_SEARCH_PATHS = "$(inherited) @executable_path/Frameworks @loader_path/Frameworks";
				PRODUCT_NAME = "$(TARGET_NAME)";
				TEST_HOST = "$(BUILT_PRODUCTS_DIR)/GitHubTestProject.app/GitHubTestProject";
			};
			name = Release;
		};
/* End XCBuildConfiguration section */

/* Begin XCConfigurationList section */
		A6F5A4BA1A3ED33F00F1DBE4 /* Build configuration list for PBXProject "GitHubTestProject" */ = {
			isa = XCConfigurationList;
			buildConfigurations = (
				A6F5A4E01A3ED33F00F1DBE4 /* Debug */,
				A6F5A4E11A3ED33F00F1DBE4 /* Release */,
			);
			defaultConfigurationIsVisible = 0;
			defaultConfigurationName = Release;
		};
		A6F5A4E21A3ED33F00F1DBE4 /* Build configuration list for PBXNativeTarget "GitHubTestProject" */ = {
			isa = XCConfigurationList;
			buildConfigurations = (
				A6F5A4E31A3ED33F00F1DBE4 /* Debug */,
				A6F5A4E41A3ED33F00F1DBE4 /* Release */,
			);
			defaultConfigurationIsVisible = 0;
		};
		A6F5A4E51A3ED33F00F1DBE4 /* Build configuration list for PBXNativeTarget "GitHubTestProjectTests" */ = {
			isa = XCConfigurationList;
			buildConfigurations = (
				A6F5A4E61A3ED33F00F1DBE4 /* Debug */,
				A6F5A4E71A3ED33F00F1DBE4 /* Release */,
			);
			defaultConfigurationIsVisible = 0;
		};
/* End XCConfigurationList section */
	};
	rootObject = A6F5A4B71A3ED33F00F1DBE4 /* Project object */;
}
